PODS:
  - KeyboardUIBaseLib (0.1.0)

DEPENDENCIES:
  - KeyboardUIBaseLib (from `../../`)

EXTERNAL SOURCES:
  KeyboardUIBaseLib:
    :path: "../../"

SPEC CHECKSUMS:
  KeyboardUIBaseLib: 887516e18ea7121be7655d8fdb05133b887dd4b1

PODFILE CHECKSUM: 0e7ed7f21ec34a42e442da89a1cbc70bf7cfc893

COCOAPODS: 1.16.2
